
Microsoft Visual Studio Solution File, Format Version 12.00
# Visual Studio 2013
VisualStudioVersion = 12.0.21005.1
MinimumVisualStudioVersion = 10.0.40219.1
Project("{8BC9CEB8-8B4A-11D0-8D11-00A0C91BC942}") = "FloatCalculationEfficencyComparation", "FloatCalculationEfficencyComparation\FloatCalculationEfficencyComparation.vcxproj", "{0C205BD7-A7E3-4B30-9761-68CAC3C1C0AE}"
	ProjectSection(ProjectDependencies) = postProject
		{D77B115E-ADC8-45E2-8C19-1D9B0A50D7DE} = {D77B115E-ADC8-45E2-8C19-1D9B0A50D7DE}
	EndProjectSection
EndProject
Project("{8BC9CEB8-8B4A-11D0-8D11-00A0C91BC942}") = "TestUtils", "TestUtils\TestUtils.vcxproj", "{D77B115E-ADC8-45E2-8C19-1D9B0A50D7DE}"
EndProject
Project("{8BC9CEB8-8B4A-11D0-8D11-00A0C91BC942}") = "IntegerDivideByTwoTest", "IntegerDivideByTwoTest\IntegerDivideByTwoTest.vcxproj", "{5E17CBE0-864D-4981-8C0F-CDFCADFA316A}"
EndProject
Project("{8BC9CEB8-8B4A-11D0-8D11-00A0C91BC942}") = "StringCopyTest", "StringCopyTest\StringCopyTest.vcxproj", "{83E2FFD8-5714-4578-B2E2-01F15E55A876}"
EndProject
Global
	GlobalSection(SolutionConfigurationPlatforms) = preSolution
		Debug|Win32 = Debug|Win32
		Release|Win32 = Release|Win32
	EndGlobalSection
	GlobalSection(ProjectConfigurationPlatforms) = postSolution
		{0C205BD7-A7E3-4B30-9761-68CAC3C1C0AE}.Debug|Win32.ActiveCfg = Debug|Win32
		{0C205BD7-A7E3-4B30-9761-68CAC3C1C0AE}.Debug|Win32.Build.0 = Debug|Win32
		{0C205BD7-A7E3-4B30-9761-68CAC3C1C0AE}.Release|Win32.ActiveCfg = Release|Win32
		{0C205BD7-A7E3-4B30-9761-68CAC3C1C0AE}.Release|Win32.Build.0 = Release|Win32
		{D77B115E-ADC8-45E2-8C19-1D9B0A50D7DE}.Debug|Win32.ActiveCfg = Debug|Win32
		{D77B115E-ADC8-45E2-8C19-1D9B0A50D7DE}.Debug|Win32.Build.0 = Debug|Win32
		{D77B115E-ADC8-45E2-8C19-1D9B0A50D7DE}.Release|Win32.ActiveCfg = Release|Win32
		{D77B115E-ADC8-45E2-8C19-1D9B0A50D7DE}.Release|Win32.Build.0 = Release|Win32
		{5E17CBE0-864D-4981-8C0F-CDFCADFA316A}.Debug|Win32.ActiveCfg = Debug|Win32
		{5E17CBE0-864D-4981-8C0F-CDFCADFA316A}.Debug|Win32.Build.0 = Debug|Win32
		{5E17CBE0-864D-4981-8C0F-CDFCADFA316A}.Release|Win32.ActiveCfg = Release|Win32
		{5E17CBE0-864D-4981-8C0F-CDFCADFA316A}.Release|Win32.Build.0 = Release|Win32
		{83E2FFD8-5714-4578-B2E2-01F15E55A876}.Debug|Win32.ActiveCfg = Debug|Win32
		{83E2FFD8-5714-4578-B2E2-01F15E55A876}.Debug|Win32.Build.0 = Debug|Win32
		{83E2FFD8-5714-4578-B2E2-01F15E55A876}.Release|Win32.ActiveCfg = Release|Win32
		{83E2FFD8-5714-4578-B2E2-01F15E55A876}.Release|Win32.Build.0 = Release|Win32
	EndGlobalSection
	GlobalSection(SolutionProperties) = preSolution
		HideSolutionNode = FALSE
	EndGlobalSection
EndGlobal
