
Microsoft Visual Studio Solution File, Format Version 12.00
# Visual Studio 2013
VisualStudioVersion = 12.0.21005.1
MinimumVisualStudioVersion = 10.0.40219.1
Project("{8BC9CEB8-8B4A-11D0-8D11-00A0C91BC942}") = "0001. FloatCalculationEfficencyComparation", "FloatCalculationEfficencyComparation\FloatCalculationEfficencyComparation.vcxproj", "{0C205BD7-A7E3-4B30-9761-68CAC3C1C0AE}"
	ProjectSection(ProjectDependencies) = postProject
		{D77B115E-ADC8-45E2-8C19-1D9B0A50D7DE} = {D77B115E-ADC8-45E2-8C19-1D9B0A50D7DE}
	EndProjectSection
EndProject
Project("{8BC9CEB8-8B4A-11D0-8D11-00A0C91BC942}") = "TestUtils", "TestUtils\TestUtils.vcxproj", "{D77B115E-ADC8-45E2-8C19-1D9B0A50D7DE}"
EndProject
Project("{8BC9CEB8-8B4A-11D0-8D11-00A0C91BC942}") = "0002. IntegerDivideByTwo", "IntegerDivideByTwoTest\IntegerDivideByTwoTest.vcxproj", "{5E17CBE0-864D-4981-8C0F-CDFCADFA316A}"
EndProject
Project("{8BC9CEB8-8B4A-11D0-8D11-00A0C91BC942}") = "0003. StringCopy", "StringCopyTest\StringCopyTest.vcxproj", "{83E2FFD8-5714-4578-B2E2-01F15E55A876}"
EndProject
Project("{8BC9CEB8-8B4A-11D0-8D11-00A0C91BC942}") = "0004. EnumAndIntConversion", "EnumTest\EnumTest.vcxproj", "{81457F75-BECA-409C-9874-B324B45E1D22}"
EndProject
Project("{8BC9CEB8-8B4A-11D0-8D11-00A0C91BC942}") = "0005. RttiAndPolymorphism", "PolymorphismClassName\PolymorphismClassName.vcxproj", "{F550C425-6D8B-4B02-BC7E-6201750C49B3}"
EndProject
Project("{8BC9CEB8-8B4A-11D0-8D11-00A0C91BC942}") = "0006. FileOperationInWindowsPlatform", "MoveFileInWindowsPlatform\MoveFileInWindowsPlatform.vcxproj", "{844579B8-3CB4-48F8-85A2-C341EDEFC71C}"
EndProject
Project("{8BC9CEB8-8B4A-11D0-8D11-00A0C91BC942}") = "0007. StdStringAndSlashZero", "StdStringAndSlashZero\StdStringAndSlashZero.vcxproj", "{A1F32DFC-6A17-4542-9C30-7AB30743BE41}"
EndProject
Project("{8BC9CEB8-8B4A-11D0-8D11-00A0C91BC942}") = "0008. GetSystemProcessList", "GetSystemProcessList\GetSystemProcessList.vcxproj", "{B77C5FBD-7584-4154-9981-11EB4F1BB4F8}"
	ProjectSection(ProjectDependencies) = postProject
		{D77B115E-ADC8-45E2-8C19-1D9B0A50D7DE} = {D77B115E-ADC8-45E2-8C19-1D9B0A50D7DE}
	EndProjectSection
EndProject
Project("{8BC9CEB8-8B4A-11D0-8D11-00A0C91BC942}") = "0009. SerializationUtil", "SerializationUtil\SerializationUtil.vcxproj", "{0B787C46-81B7-4E23-81E9-C42375A26A08}"
EndProject
Project("{8BC9CEB8-8B4A-11D0-8D11-00A0C91BC942}") = "0010. BoostSerialization", "BoostSerialization\BoostSerialization.vcxproj", "{0EECF985-0BCC-448B-A1F5-90C2B7EC9B56}"
EndProject
Project("{8BC9CEB8-8B4A-11D0-8D11-00A0C91BC942}") = "0011. FloatToIntTrick", "FloatToIntTrick\FloatToIntTrick.vcxproj", "{93E49F5D-B569-42E9-B29E-BAF6433786CE}"
EndProject
Project("{8BC9CEB8-8B4A-11D0-8D11-00A0C91BC942}") = "0012. ThreadPool", "ThreadPool\ThreadPool.vcxproj", "{FF8F0F08-2DD6-4E92-8CE6-26DE6D929D94}"
EndProject
Project("{8BC9CEB8-8B4A-11D0-8D11-00A0C91BC942}") = "0013. DefalutCopyConstructor", "DefalutCopyConstructor\DefalutCopyConstructor.vcxproj", "{0A715DE1-78BB-41D7-B1A4-61D3A45D244B}"
EndProject
Project("{8BC9CEB8-8B4A-11D0-8D11-00A0C91BC942}") = "0014. LeakDiagLogStatisticTool", "LeakDiagLogStatisticTool\LeakDiagLogStatisticTool.vcxproj", "{EA23257B-EA88-42D3-8382-8D737FBC9F8E}"
	ProjectSection(ProjectDependencies) = postProject
		{D77B115E-ADC8-45E2-8C19-1D9B0A50D7DE} = {D77B115E-ADC8-45E2-8C19-1D9B0A50D7DE}
	EndProjectSection
EndProject
Project("{2150E333-8FDC-42A3-9474-1A3956D46DE8}") = "Solution Items", "Solution Items", "{959AA3F1-E52F-4E99-81EA-88F20C8346F0}"
	ProjectSection(SolutionItems) = preProject
		ReadMe.txt = ReadMe.txt
	EndProjectSection
EndProject
Project("{8BC9CEB8-8B4A-11D0-8D11-00A0C91BC942}") = "0015. DirectXFunctionProfile", "DirectXFunctionProfile\DirectXFunctionProfile.vcxproj", "{2F487E0C-E5EC-4AE3-9045-EEB64C5921EE}"
	ProjectSection(ProjectDependencies) = postProject
		{71EB67A0-554E-44FA-BEBE-7B3CA97E2B3D} = {71EB67A0-554E-44FA-BEBE-7B3CA97E2B3D}
	EndProjectSection
EndProject
Project("{8BC9CEB8-8B4A-11D0-8D11-00A0C91BC942}") = "0016. MyDXFctionLibrary", "MyDXFctionLibrary\MyDXFctionLibrary.vcxproj", "{71EB67A0-554E-44FA-BEBE-7B3CA97E2B3D}"
EndProject
Project("{8BC9CEB8-8B4A-11D0-8D11-00A0C91BC942}") = "0017. ComparisonOperatorProfile", "ComparisonOperatorProfile\ComparisonOperatorProfile.vcxproj", "{7E375996-F034-449A-98F0-798BDCF22AA5}"
EndProject
Project("{8BC9CEB8-8B4A-11D0-8D11-00A0C91BC942}") = "0018. TemplateAndReference", "TemplateAndReference\TemplateAndReference.vcxproj", "{505987E2-BE4C-4D7E-ADB7-56BF6DD31CAA}"
EndProject
Global
	GlobalSection(SolutionConfigurationPlatforms) = preSolution
		Debug|Any CPU = Debug|Any CPU
		Debug|Mixed Platforms = Debug|Mixed Platforms
		Debug|Win32 = Debug|Win32
		Release|Any CPU = Release|Any CPU
		Release|Mixed Platforms = Release|Mixed Platforms
		Release|Win32 = Release|Win32
	EndGlobalSection
	GlobalSection(ProjectConfigurationPlatforms) = postSolution
		{0C205BD7-A7E3-4B30-9761-68CAC3C1C0AE}.Debug|Any CPU.ActiveCfg = Debug|Win32
		{0C205BD7-A7E3-4B30-9761-68CAC3C1C0AE}.Debug|Mixed Platforms.ActiveCfg = Debug|Win32
		{0C205BD7-A7E3-4B30-9761-68CAC3C1C0AE}.Debug|Mixed Platforms.Build.0 = Debug|Win32
		{0C205BD7-A7E3-4B30-9761-68CAC3C1C0AE}.Debug|Win32.ActiveCfg = Debug|Win32
		{0C205BD7-A7E3-4B30-9761-68CAC3C1C0AE}.Debug|Win32.Build.0 = Debug|Win32
		{0C205BD7-A7E3-4B30-9761-68CAC3C1C0AE}.Release|Any CPU.ActiveCfg = Release|Win32
		{0C205BD7-A7E3-4B30-9761-68CAC3C1C0AE}.Release|Mixed Platforms.ActiveCfg = Release|Win32
		{0C205BD7-A7E3-4B30-9761-68CAC3C1C0AE}.Release|Mixed Platforms.Build.0 = Release|Win32
		{0C205BD7-A7E3-4B30-9761-68CAC3C1C0AE}.Release|Win32.ActiveCfg = Release|Win32
		{0C205BD7-A7E3-4B30-9761-68CAC3C1C0AE}.Release|Win32.Build.0 = Release|Win32
		{D77B115E-ADC8-45E2-8C19-1D9B0A50D7DE}.Debug|Any CPU.ActiveCfg = Debug|Win32
		{D77B115E-ADC8-45E2-8C19-1D9B0A50D7DE}.Debug|Mixed Platforms.ActiveCfg = Debug|Win32
		{D77B115E-ADC8-45E2-8C19-1D9B0A50D7DE}.Debug|Mixed Platforms.Build.0 = Debug|Win32
		{D77B115E-ADC8-45E2-8C19-1D9B0A50D7DE}.Debug|Win32.ActiveCfg = Debug|Win32
		{D77B115E-ADC8-45E2-8C19-1D9B0A50D7DE}.Debug|Win32.Build.0 = Debug|Win32
		{D77B115E-ADC8-45E2-8C19-1D9B0A50D7DE}.Release|Any CPU.ActiveCfg = Release|Win32
		{D77B115E-ADC8-45E2-8C19-1D9B0A50D7DE}.Release|Mixed Platforms.ActiveCfg = Release|Win32
		{D77B115E-ADC8-45E2-8C19-1D9B0A50D7DE}.Release|Mixed Platforms.Build.0 = Release|Win32
		{D77B115E-ADC8-45E2-8C19-1D9B0A50D7DE}.Release|Win32.ActiveCfg = Release|Win32
		{D77B115E-ADC8-45E2-8C19-1D9B0A50D7DE}.Release|Win32.Build.0 = Release|Win32
		{5E17CBE0-864D-4981-8C0F-CDFCADFA316A}.Debug|Any CPU.ActiveCfg = Debug|Win32
		{5E17CBE0-864D-4981-8C0F-CDFCADFA316A}.Debug|Mixed Platforms.ActiveCfg = Debug|Win32
		{5E17CBE0-864D-4981-8C0F-CDFCADFA316A}.Debug|Mixed Platforms.Build.0 = Debug|Win32
		{5E17CBE0-864D-4981-8C0F-CDFCADFA316A}.Debug|Win32.ActiveCfg = Debug|Win32
		{5E17CBE0-864D-4981-8C0F-CDFCADFA316A}.Debug|Win32.Build.0 = Debug|Win32
		{5E17CBE0-864D-4981-8C0F-CDFCADFA316A}.Release|Any CPU.ActiveCfg = Release|Win32
		{5E17CBE0-864D-4981-8C0F-CDFCADFA316A}.Release|Mixed Platforms.ActiveCfg = Release|Win32
		{5E17CBE0-864D-4981-8C0F-CDFCADFA316A}.Release|Mixed Platforms.Build.0 = Release|Win32
		{5E17CBE0-864D-4981-8C0F-CDFCADFA316A}.Release|Win32.ActiveCfg = Release|Win32
		{5E17CBE0-864D-4981-8C0F-CDFCADFA316A}.Release|Win32.Build.0 = Release|Win32
		{83E2FFD8-5714-4578-B2E2-01F15E55A876}.Debug|Any CPU.ActiveCfg = Debug|Win32
		{83E2FFD8-5714-4578-B2E2-01F15E55A876}.Debug|Mixed Platforms.ActiveCfg = Debug|Win32
		{83E2FFD8-5714-4578-B2E2-01F15E55A876}.Debug|Mixed Platforms.Build.0 = Debug|Win32
		{83E2FFD8-5714-4578-B2E2-01F15E55A876}.Debug|Win32.ActiveCfg = Debug|Win32
		{83E2FFD8-5714-4578-B2E2-01F15E55A876}.Debug|Win32.Build.0 = Debug|Win32
		{83E2FFD8-5714-4578-B2E2-01F15E55A876}.Release|Any CPU.ActiveCfg = Release|Win32
		{83E2FFD8-5714-4578-B2E2-01F15E55A876}.Release|Mixed Platforms.ActiveCfg = Release|Win32
		{83E2FFD8-5714-4578-B2E2-01F15E55A876}.Release|Mixed Platforms.Build.0 = Release|Win32
		{83E2FFD8-5714-4578-B2E2-01F15E55A876}.Release|Win32.ActiveCfg = Release|Win32
		{83E2FFD8-5714-4578-B2E2-01F15E55A876}.Release|Win32.Build.0 = Release|Win32
		{81457F75-BECA-409C-9874-B324B45E1D22}.Debug|Any CPU.ActiveCfg = Debug|Win32
		{81457F75-BECA-409C-9874-B324B45E1D22}.Debug|Mixed Platforms.ActiveCfg = Debug|Win32
		{81457F75-BECA-409C-9874-B324B45E1D22}.Debug|Mixed Platforms.Build.0 = Debug|Win32
		{81457F75-BECA-409C-9874-B324B45E1D22}.Debug|Win32.ActiveCfg = Debug|Win32
		{81457F75-BECA-409C-9874-B324B45E1D22}.Debug|Win32.Build.0 = Debug|Win32
		{81457F75-BECA-409C-9874-B324B45E1D22}.Release|Any CPU.ActiveCfg = Release|Win32
		{81457F75-BECA-409C-9874-B324B45E1D22}.Release|Mixed Platforms.ActiveCfg = Release|Win32
		{81457F75-BECA-409C-9874-B324B45E1D22}.Release|Mixed Platforms.Build.0 = Release|Win32
		{81457F75-BECA-409C-9874-B324B45E1D22}.Release|Win32.ActiveCfg = Release|Win32
		{81457F75-BECA-409C-9874-B324B45E1D22}.Release|Win32.Build.0 = Release|Win32
		{F550C425-6D8B-4B02-BC7E-6201750C49B3}.Debug|Any CPU.ActiveCfg = Debug|Win32
		{F550C425-6D8B-4B02-BC7E-6201750C49B3}.Debug|Mixed Platforms.ActiveCfg = Debug|Win32
		{F550C425-6D8B-4B02-BC7E-6201750C49B3}.Debug|Mixed Platforms.Build.0 = Debug|Win32
		{F550C425-6D8B-4B02-BC7E-6201750C49B3}.Debug|Win32.ActiveCfg = Debug|Win32
		{F550C425-6D8B-4B02-BC7E-6201750C49B3}.Debug|Win32.Build.0 = Debug|Win32
		{F550C425-6D8B-4B02-BC7E-6201750C49B3}.Release|Any CPU.ActiveCfg = Release|Win32
		{F550C425-6D8B-4B02-BC7E-6201750C49B3}.Release|Mixed Platforms.ActiveCfg = Release|Win32
		{F550C425-6D8B-4B02-BC7E-6201750C49B3}.Release|Mixed Platforms.Build.0 = Release|Win32
		{F550C425-6D8B-4B02-BC7E-6201750C49B3}.Release|Win32.ActiveCfg = Release|Win32
		{F550C425-6D8B-4B02-BC7E-6201750C49B3}.Release|Win32.Build.0 = Release|Win32
		{844579B8-3CB4-48F8-85A2-C341EDEFC71C}.Debug|Any CPU.ActiveCfg = Debug|Win32
		{844579B8-3CB4-48F8-85A2-C341EDEFC71C}.Debug|Mixed Platforms.ActiveCfg = Debug|Win32
		{844579B8-3CB4-48F8-85A2-C341EDEFC71C}.Debug|Mixed Platforms.Build.0 = Debug|Win32
		{844579B8-3CB4-48F8-85A2-C341EDEFC71C}.Debug|Win32.ActiveCfg = Debug|Win32
		{844579B8-3CB4-48F8-85A2-C341EDEFC71C}.Debug|Win32.Build.0 = Debug|Win32
		{844579B8-3CB4-48F8-85A2-C341EDEFC71C}.Release|Any CPU.ActiveCfg = Release|Win32
		{844579B8-3CB4-48F8-85A2-C341EDEFC71C}.Release|Mixed Platforms.ActiveCfg = Release|Win32
		{844579B8-3CB4-48F8-85A2-C341EDEFC71C}.Release|Mixed Platforms.Build.0 = Release|Win32
		{844579B8-3CB4-48F8-85A2-C341EDEFC71C}.Release|Win32.ActiveCfg = Release|Win32
		{844579B8-3CB4-48F8-85A2-C341EDEFC71C}.Release|Win32.Build.0 = Release|Win32
		{A1F32DFC-6A17-4542-9C30-7AB30743BE41}.Debug|Any CPU.ActiveCfg = Debug|Win32
		{A1F32DFC-6A17-4542-9C30-7AB30743BE41}.Debug|Mixed Platforms.ActiveCfg = Debug|Win32
		{A1F32DFC-6A17-4542-9C30-7AB30743BE41}.Debug|Mixed Platforms.Build.0 = Debug|Win32
		{A1F32DFC-6A17-4542-9C30-7AB30743BE41}.Debug|Win32.ActiveCfg = Debug|Win32
		{A1F32DFC-6A17-4542-9C30-7AB30743BE41}.Debug|Win32.Build.0 = Debug|Win32
		{A1F32DFC-6A17-4542-9C30-7AB30743BE41}.Release|Any CPU.ActiveCfg = Release|Win32
		{A1F32DFC-6A17-4542-9C30-7AB30743BE41}.Release|Mixed Platforms.ActiveCfg = Release|Win32
		{A1F32DFC-6A17-4542-9C30-7AB30743BE41}.Release|Mixed Platforms.Build.0 = Release|Win32
		{A1F32DFC-6A17-4542-9C30-7AB30743BE41}.Release|Win32.ActiveCfg = Release|Win32
		{A1F32DFC-6A17-4542-9C30-7AB30743BE41}.Release|Win32.Build.0 = Release|Win32
		{B77C5FBD-7584-4154-9981-11EB4F1BB4F8}.Debug|Any CPU.ActiveCfg = Debug|Win32
		{B77C5FBD-7584-4154-9981-11EB4F1BB4F8}.Debug|Mixed Platforms.ActiveCfg = Debug|Win32
		{B77C5FBD-7584-4154-9981-11EB4F1BB4F8}.Debug|Mixed Platforms.Build.0 = Debug|Win32
		{B77C5FBD-7584-4154-9981-11EB4F1BB4F8}.Debug|Win32.ActiveCfg = Debug|Win32
		{B77C5FBD-7584-4154-9981-11EB4F1BB4F8}.Debug|Win32.Build.0 = Debug|Win32
		{B77C5FBD-7584-4154-9981-11EB4F1BB4F8}.Release|Any CPU.ActiveCfg = Release|Win32
		{B77C5FBD-7584-4154-9981-11EB4F1BB4F8}.Release|Mixed Platforms.ActiveCfg = Release|Win32
		{B77C5FBD-7584-4154-9981-11EB4F1BB4F8}.Release|Mixed Platforms.Build.0 = Release|Win32
		{B77C5FBD-7584-4154-9981-11EB4F1BB4F8}.Release|Win32.ActiveCfg = Release|Win32
		{B77C5FBD-7584-4154-9981-11EB4F1BB4F8}.Release|Win32.Build.0 = Release|Win32
		{0B787C46-81B7-4E23-81E9-C42375A26A08}.Debug|Any CPU.ActiveCfg = Debug|Win32
		{0B787C46-81B7-4E23-81E9-C42375A26A08}.Debug|Mixed Platforms.ActiveCfg = Debug|Win32
		{0B787C46-81B7-4E23-81E9-C42375A26A08}.Debug|Mixed Platforms.Build.0 = Debug|Win32
		{0B787C46-81B7-4E23-81E9-C42375A26A08}.Debug|Win32.ActiveCfg = Debug|Win32
		{0B787C46-81B7-4E23-81E9-C42375A26A08}.Debug|Win32.Build.0 = Debug|Win32
		{0B787C46-81B7-4E23-81E9-C42375A26A08}.Release|Any CPU.ActiveCfg = Release|Win32
		{0B787C46-81B7-4E23-81E9-C42375A26A08}.Release|Mixed Platforms.ActiveCfg = Release|Win32
		{0B787C46-81B7-4E23-81E9-C42375A26A08}.Release|Mixed Platforms.Build.0 = Release|Win32
		{0B787C46-81B7-4E23-81E9-C42375A26A08}.Release|Win32.ActiveCfg = Release|Win32
		{0B787C46-81B7-4E23-81E9-C42375A26A08}.Release|Win32.Build.0 = Release|Win32
		{0EECF985-0BCC-448B-A1F5-90C2B7EC9B56}.Debug|Any CPU.ActiveCfg = Debug|Win32
		{0EECF985-0BCC-448B-A1F5-90C2B7EC9B56}.Debug|Mixed Platforms.ActiveCfg = Debug|Win32
		{0EECF985-0BCC-448B-A1F5-90C2B7EC9B56}.Debug|Mixed Platforms.Build.0 = Debug|Win32
		{0EECF985-0BCC-448B-A1F5-90C2B7EC9B56}.Debug|Win32.ActiveCfg = Debug|Win32
		{0EECF985-0BCC-448B-A1F5-90C2B7EC9B56}.Debug|Win32.Build.0 = Debug|Win32
		{0EECF985-0BCC-448B-A1F5-90C2B7EC9B56}.Release|Any CPU.ActiveCfg = Release|Win32
		{0EECF985-0BCC-448B-A1F5-90C2B7EC9B56}.Release|Mixed Platforms.ActiveCfg = Release|Win32
		{0EECF985-0BCC-448B-A1F5-90C2B7EC9B56}.Release|Mixed Platforms.Build.0 = Release|Win32
		{0EECF985-0BCC-448B-A1F5-90C2B7EC9B56}.Release|Win32.ActiveCfg = Release|Win32
		{0EECF985-0BCC-448B-A1F5-90C2B7EC9B56}.Release|Win32.Build.0 = Release|Win32
		{93E49F5D-B569-42E9-B29E-BAF6433786CE}.Debug|Any CPU.ActiveCfg = Debug|Win32
		{93E49F5D-B569-42E9-B29E-BAF6433786CE}.Debug|Mixed Platforms.ActiveCfg = Debug|Win32
		{93E49F5D-B569-42E9-B29E-BAF6433786CE}.Debug|Mixed Platforms.Build.0 = Debug|Win32
		{93E49F5D-B569-42E9-B29E-BAF6433786CE}.Debug|Win32.ActiveCfg = Debug|Win32
		{93E49F5D-B569-42E9-B29E-BAF6433786CE}.Debug|Win32.Build.0 = Debug|Win32
		{93E49F5D-B569-42E9-B29E-BAF6433786CE}.Release|Any CPU.ActiveCfg = Release|Win32
		{93E49F5D-B569-42E9-B29E-BAF6433786CE}.Release|Mixed Platforms.ActiveCfg = Release|Win32
		{93E49F5D-B569-42E9-B29E-BAF6433786CE}.Release|Mixed Platforms.Build.0 = Release|Win32
		{93E49F5D-B569-42E9-B29E-BAF6433786CE}.Release|Win32.ActiveCfg = Release|Win32
		{93E49F5D-B569-42E9-B29E-BAF6433786CE}.Release|Win32.Build.0 = Release|Win32
		{FF8F0F08-2DD6-4E92-8CE6-26DE6D929D94}.Debug|Any CPU.ActiveCfg = Debug|Win32
		{FF8F0F08-2DD6-4E92-8CE6-26DE6D929D94}.Debug|Mixed Platforms.ActiveCfg = Debug|Win32
		{FF8F0F08-2DD6-4E92-8CE6-26DE6D929D94}.Debug|Mixed Platforms.Build.0 = Debug|Win32
		{FF8F0F08-2DD6-4E92-8CE6-26DE6D929D94}.Debug|Win32.ActiveCfg = Debug|Win32
		{FF8F0F08-2DD6-4E92-8CE6-26DE6D929D94}.Debug|Win32.Build.0 = Debug|Win32
		{FF8F0F08-2DD6-4E92-8CE6-26DE6D929D94}.Release|Any CPU.ActiveCfg = Release|Win32
		{FF8F0F08-2DD6-4E92-8CE6-26DE6D929D94}.Release|Mixed Platforms.ActiveCfg = Release|Win32
		{FF8F0F08-2DD6-4E92-8CE6-26DE6D929D94}.Release|Mixed Platforms.Build.0 = Release|Win32
		{FF8F0F08-2DD6-4E92-8CE6-26DE6D929D94}.Release|Win32.ActiveCfg = Release|Win32
		{FF8F0F08-2DD6-4E92-8CE6-26DE6D929D94}.Release|Win32.Build.0 = Release|Win32
		{0A715DE1-78BB-41D7-B1A4-61D3A45D244B}.Debug|Any CPU.ActiveCfg = Debug|Win32
		{0A715DE1-78BB-41D7-B1A4-61D3A45D244B}.Debug|Mixed Platforms.ActiveCfg = Debug|Win32
		{0A715DE1-78BB-41D7-B1A4-61D3A45D244B}.Debug|Mixed Platforms.Build.0 = Debug|Win32
		{0A715DE1-78BB-41D7-B1A4-61D3A45D244B}.Debug|Win32.ActiveCfg = Debug|Win32
		{0A715DE1-78BB-41D7-B1A4-61D3A45D244B}.Debug|Win32.Build.0 = Debug|Win32
		{0A715DE1-78BB-41D7-B1A4-61D3A45D244B}.Release|Any CPU.ActiveCfg = Release|Win32
		{0A715DE1-78BB-41D7-B1A4-61D3A45D244B}.Release|Mixed Platforms.ActiveCfg = Release|Win32
		{0A715DE1-78BB-41D7-B1A4-61D3A45D244B}.Release|Mixed Platforms.Build.0 = Release|Win32
		{0A715DE1-78BB-41D7-B1A4-61D3A45D244B}.Release|Win32.ActiveCfg = Release|Win32
		{0A715DE1-78BB-41D7-B1A4-61D3A45D244B}.Release|Win32.Build.0 = Release|Win32
		{EA23257B-EA88-42D3-8382-8D737FBC9F8E}.Debug|Any CPU.ActiveCfg = Debug|Win32
		{EA23257B-EA88-42D3-8382-8D737FBC9F8E}.Debug|Mixed Platforms.ActiveCfg = Debug|Win32
		{EA23257B-EA88-42D3-8382-8D737FBC9F8E}.Debug|Mixed Platforms.Build.0 = Debug|Win32
		{EA23257B-EA88-42D3-8382-8D737FBC9F8E}.Debug|Win32.ActiveCfg = Debug|Win32
		{EA23257B-EA88-42D3-8382-8D737FBC9F8E}.Debug|Win32.Build.0 = Debug|Win32
		{EA23257B-EA88-42D3-8382-8D737FBC9F8E}.Release|Any CPU.ActiveCfg = Release|Win32
		{EA23257B-EA88-42D3-8382-8D737FBC9F8E}.Release|Mixed Platforms.ActiveCfg = Release|Win32
		{EA23257B-EA88-42D3-8382-8D737FBC9F8E}.Release|Mixed Platforms.Build.0 = Release|Win32
		{EA23257B-EA88-42D3-8382-8D737FBC9F8E}.Release|Win32.ActiveCfg = Release|Win32
		{EA23257B-EA88-42D3-8382-8D737FBC9F8E}.Release|Win32.Build.0 = Release|Win32
		{2F487E0C-E5EC-4AE3-9045-EEB64C5921EE}.Debug|Any CPU.ActiveCfg = Debug|Win32
		{2F487E0C-E5EC-4AE3-9045-EEB64C5921EE}.Debug|Mixed Platforms.ActiveCfg = Debug|Win32
		{2F487E0C-E5EC-4AE3-9045-EEB64C5921EE}.Debug|Mixed Platforms.Build.0 = Debug|Win32
		{2F487E0C-E5EC-4AE3-9045-EEB64C5921EE}.Debug|Win32.ActiveCfg = Debug|Win32
		{2F487E0C-E5EC-4AE3-9045-EEB64C5921EE}.Debug|Win32.Build.0 = Debug|Win32
		{2F487E0C-E5EC-4AE3-9045-EEB64C5921EE}.Release|Any CPU.ActiveCfg = Release|Win32
		{2F487E0C-E5EC-4AE3-9045-EEB64C5921EE}.Release|Mixed Platforms.ActiveCfg = Release|Win32
		{2F487E0C-E5EC-4AE3-9045-EEB64C5921EE}.Release|Mixed Platforms.Build.0 = Release|Win32
		{2F487E0C-E5EC-4AE3-9045-EEB64C5921EE}.Release|Win32.ActiveCfg = Release|Win32
		{2F487E0C-E5EC-4AE3-9045-EEB64C5921EE}.Release|Win32.Build.0 = Release|Win32
		{71EB67A0-554E-44FA-BEBE-7B3CA97E2B3D}.Debug|Any CPU.ActiveCfg = Debug|Win32
		{71EB67A0-554E-44FA-BEBE-7B3CA97E2B3D}.Debug|Mixed Platforms.ActiveCfg = Debug|Win32
		{71EB67A0-554E-44FA-BEBE-7B3CA97E2B3D}.Debug|Mixed Platforms.Build.0 = Debug|Win32
		{71EB67A0-554E-44FA-BEBE-7B3CA97E2B3D}.Debug|Win32.ActiveCfg = Debug|Win32
		{71EB67A0-554E-44FA-BEBE-7B3CA97E2B3D}.Debug|Win32.Build.0 = Debug|Win32
		{71EB67A0-554E-44FA-BEBE-7B3CA97E2B3D}.Release|Any CPU.ActiveCfg = Release|Win32
		{71EB67A0-554E-44FA-BEBE-7B3CA97E2B3D}.Release|Mixed Platforms.ActiveCfg = Release|Win32
		{71EB67A0-554E-44FA-BEBE-7B3CA97E2B3D}.Release|Mixed Platforms.Build.0 = Release|Win32
		{71EB67A0-554E-44FA-BEBE-7B3CA97E2B3D}.Release|Win32.ActiveCfg = Release|Win32
		{71EB67A0-554E-44FA-BEBE-7B3CA97E2B3D}.Release|Win32.Build.0 = Release|Win32
		{7E375996-F034-449A-98F0-798BDCF22AA5}.Debug|Any CPU.ActiveCfg = Debug|Win32
		{7E375996-F034-449A-98F0-798BDCF22AA5}.Debug|Mixed Platforms.ActiveCfg = Debug|Win32
		{7E375996-F034-449A-98F0-798BDCF22AA5}.Debug|Mixed Platforms.Build.0 = Debug|Win32
		{7E375996-F034-449A-98F0-798BDCF22AA5}.Debug|Win32.ActiveCfg = Debug|Win32
		{7E375996-F034-449A-98F0-798BDCF22AA5}.Debug|Win32.Build.0 = Debug|Win32
		{7E375996-F034-449A-98F0-798BDCF22AA5}.Release|Any CPU.ActiveCfg = Release|Win32
		{7E375996-F034-449A-98F0-798BDCF22AA5}.Release|Mixed Platforms.ActiveCfg = Release|Win32
		{7E375996-F034-449A-98F0-798BDCF22AA5}.Release|Mixed Platforms.Build.0 = Release|Win32
		{7E375996-F034-449A-98F0-798BDCF22AA5}.Release|Win32.ActiveCfg = Release|Win32
		{7E375996-F034-449A-98F0-798BDCF22AA5}.Release|Win32.Build.0 = Release|Win32
		{505987E2-BE4C-4D7E-ADB7-56BF6DD31CAA}.Debug|Any CPU.ActiveCfg = Debug|Win32
		{505987E2-BE4C-4D7E-ADB7-56BF6DD31CAA}.Debug|Mixed Platforms.ActiveCfg = Debug|Win32
		{505987E2-BE4C-4D7E-ADB7-56BF6DD31CAA}.Debug|Mixed Platforms.Build.0 = Debug|Win32
		{505987E2-BE4C-4D7E-ADB7-56BF6DD31CAA}.Debug|Win32.ActiveCfg = Debug|Win32
		{505987E2-BE4C-4D7E-ADB7-56BF6DD31CAA}.Debug|Win32.Build.0 = Debug|Win32
		{505987E2-BE4C-4D7E-ADB7-56BF6DD31CAA}.Release|Any CPU.ActiveCfg = Release|Win32
		{505987E2-BE4C-4D7E-ADB7-56BF6DD31CAA}.Release|Mixed Platforms.ActiveCfg = Release|Win32
		{505987E2-BE4C-4D7E-ADB7-56BF6DD31CAA}.Release|Mixed Platforms.Build.0 = Release|Win32
		{505987E2-BE4C-4D7E-ADB7-56BF6DD31CAA}.Release|Win32.ActiveCfg = Release|Win32
		{505987E2-BE4C-4D7E-ADB7-56BF6DD31CAA}.Release|Win32.Build.0 = Release|Win32
	EndGlobalSection
	GlobalSection(SolutionProperties) = preSolution
		HideSolutionNode = FALSE
	EndGlobalSection
EndGlobal
